
Microsoft Visual Studio Solution File, Format Version 12.00
# Visual Studio Version 16
VisualStudioVersion = 16.0.31624.102
MinimumVisualStudioVersion = 10.0.40219.1
Project("{FAE04EC0-301F-11D3-BF4B-00C04F79EFBC}") = "ChargingInterface", "ChargingInterface.csproj", "{CFE12DF5-048F-4BA1-AF48-90EE3F5DC81F}"
EndProject
Global
	GlobalSection(SolutionConfigurationPlatforms) = preSolution
		Debug|Any CPU = Debug|Any CPU
		Release|Any CPU = Release|Any CPU
	EndGlobalSection
	GlobalSection(ProjectConfigurationPlatforms) = postSolution
		{CFE12DF5-048F-4BA1-AF48-90EE3F5DC81F}.Debug|Any CPU.ActiveCfg = Debug|Any CPU
		{CFE12DF5-048F-4BA1-AF48-90EE3F5DC81F}.Debug|Any CPU.Build.0 = Debug|Any CPU
		{CFE12DF5-048F-4BA1-AF48-90EE3F5DC81F}.Release|Any CPU.ActiveCfg = Release|Any CPU
		{CFE12DF5-048F-4BA1-AF48-90EE3F5DC81F}.Release|Any CPU.Build.0 = Release|Any CPU
	EndGlobalSection
	GlobalSection(SolutionProperties) = preSolution
		HideSolutionNode = FALSE
	EndGlobalSection
	GlobalSection(ExtensibilityGlobals) = postSolution
		SolutionGuid = {406728AB-B05F-44EB-B828-7F43581E2328}
	EndGlobalSection
EndGlobal
